
Microsoft Visual Studio Solution File, Format Version 12.00
# Visual Studio 15
VisualStudioVersion = 15.0.28307.489
MinimumVisualStudioVersion = 10.0.40219.1
Project("{FAE04EC0-301F-11D3-BF4B-00C04F79EFBC}") = "Lab2", "Lab2\Lab2.csproj", "{22E0BFBF-81F4-4254-814D-8DF8B3B5A39D}"
EndProject
Global
	GlobalSection(SolutionConfigurationPlatforms) = preSolution
		Debug|Any CPU = Debug|Any CPU
		Release|Any CPU = Release|Any CPU
	EndGlobalSection
	GlobalSection(ProjectConfigurationPlatforms) = postSolution
		{22E0BFBF-81F4-4254-814D-8DF8B3B5A39D}.Debug|Any CPU.ActiveCfg = Debug|Any CPU
		{22E0BFBF-81F4-4254-814D-8DF8B3B5A39D}.Debug|Any CPU.Build.0 = Debug|Any CPU
		{22E0BFBF-81F4-4254-814D-8DF8B3B5A39D}.Release|Any CPU.ActiveCfg = Release|Any CPU
		{22E0BFBF-81F4-4254-814D-8DF8B3B5A39D}.Release|Any CPU.Build.0 = Release|Any CPU
	EndGlobalSection
	GlobalSection(SolutionProperties) = preSolution
		HideSolutionNode = FALSE
	EndGlobalSection
	GlobalSection(ExtensibilityGlobals) = postSolution
		SolutionGuid = {E551A4F1-FF32-4D41-942F-54A00CA31959}
	EndGlobalSection
EndGlobal
